// !$*UTF8*$!
{
	archiveVersion = 1;
	classes = {
	};
	objectVersion = 51;
	objects = {

/* Begin PBXBuildFile section */
		54752B7C93C8BCB79E446435 /* Pods_SpotifyTests.framework in Frameworks */ = {isa = PBXBuildFile; fileRef = 4DA7640332C7A5A8ACC91FA5 /* Pods_SpotifyTests.framework */; };
		841BB63225DE6F5200115C4A /* AuthResponse.swift in Sources */ = {isa = PBXBuildFile; fileRef = 841BB63125DE6F5200115C4A /* AuthResponse.swift */; };
		841BB63A25DFDAE400115C4A /* ProfileViewController.swift in Sources */ = {isa = PBXBuildFile; fileRef = 841BB63925DFDAE400115C4A /* ProfileViewController.swift */; };
		841BB63F25DFE8C100115C4A /* SettingsModels.swift in Sources */ = {isa = PBXBuildFile; fileRef = 841BB63E25DFE8C100115C4A /* SettingsModels.swift */; };
		84BB48A525DC2D3D00CC7F66 /* AppDelegate.swift in Sources */ = {isa = PBXBuildFile; fileRef = 84BB48A425DC2D3D00CC7F66 /* AppDelegate.swift */; };
		84BB48A725DC2D3D00CC7F66 /* SceneDelegate.swift in Sources */ = {isa = PBXBuildFile; fileRef = 84BB48A625DC2D3D00CC7F66 /* SceneDelegate.swift */; };
		84BB48A925DC2D3D00CC7F66 /* HomeViewController.swift in Sources */ = {isa = PBXBuildFile; fileRef = 84BB48A825DC2D3D00CC7F66 /* HomeViewController.swift */; };
		84BB48AE25DC2D4000CC7F66 /* Assets.xcassets in Resources */ = {isa = PBXBuildFile; fileRef = 84BB48AD25DC2D4000CC7F66 /* Assets.xcassets */; };
		84BB48B125DC2D4000CC7F66 /* LaunchScreen.storyboard in Resources */ = {isa = PBXBuildFile; fileRef = 84BB48AF25DC2D4000CC7F66 /* LaunchScreen.storyboard */; };
		84BB48BC25DC2D4000CC7F66 /* SpotifyTests.swift in Sources */ = {isa = PBXBuildFile; fileRef = 84BB48BB25DC2D4000CC7F66 /* SpotifyTests.swift */; };
		84BB48C725DC2D4000CC7F66 /* SpotifyUITests.swift in Sources */ = {isa = PBXBuildFile; fileRef = 84BB48C625DC2D4000CC7F66 /* SpotifyUITests.swift */; };
		84BB48E325DC31D200CC7F66 /* TabBarViewController.swift in Sources */ = {isa = PBXBuildFile; fileRef = 84BB48E225DC31D200CC7F66 /* TabBarViewController.swift */; };
		84BB48EB25DC322A00CC7F66 /* SearchViewController.swift in Sources */ = {isa = PBXBuildFile; fileRef = 84BB48EA25DC322A00CC7F66 /* SearchViewController.swift */; };
		84BB48F025DC324B00CC7F66 /* LibraryViewController.swift in Sources */ = {isa = PBXBuildFile; fileRef = 84BB48EF25DC324B00CC7F66 /* LibraryViewController.swift */; };
		84BB48FA25DC329400CC7F66 /* AuthViewController.swift in Sources */ = {isa = PBXBuildFile; fileRef = 84BB48F925DC329400CC7F66 /* AuthViewController.swift */; };
		84BB490225DC32A500CC7F66 /* WelcomeViewController.swift in Sources */ = {isa = PBXBuildFile; fileRef = 84BB490125DC32A500CC7F66 /* WelcomeViewController.swift */; };
		84BB490725DC32B500CC7F66 /* SettingsViewController.swift in Sources */ = {isa = PBXBuildFile; fileRef = 84BB490625DC32B500CC7F66 /* SettingsViewController.swift */; };
		84BB490C25DC32C500CC7F66 /* PlayerViewController.swift in Sources */ = {isa = PBXBuildFile; fileRef = 84BB490B25DC32C500CC7F66 /* PlayerViewController.swift */; };
		84BB491125DC32E900CC7F66 /* SearchResultViewController.swift in Sources */ = {isa = PBXBuildFile; fileRef = 84BB491025DC32E900CC7F66 /* SearchResultViewController.swift */; };
		84BB491625DC331100CC7F66 /* AuthManager.swift in Sources */ = {isa = PBXBuildFile; fileRef = 84BB491525DC331100CC7F66 /* AuthManager.swift */; };
		84BB491B25DC332400CC7F66 /* APICaller.swift in Sources */ = {isa = PBXBuildFile; fileRef = 84BB491A25DC332400CC7F66 /* APICaller.swift */; };
		84BB492025DC333A00CC7F66 /* HapticsManager.swift in Sources */ = {isa = PBXBuildFile; fileRef = 84BB491F25DC333A00CC7F66 /* HapticsManager.swift */; };
		84BB492525DC34D000CC7F66 /* Playlist.swift in Sources */ = {isa = PBXBuildFile; fileRef = 84BB492425DC34D000CC7F66 /* Playlist.swift */; };
		84BB492A25DC34E500CC7F66 /* AudioTrack.swift in Sources */ = {isa = PBXBuildFile; fileRef = 84BB492925DC34E500CC7F66 /* AudioTrack.swift */; };
		84BB492F25DC34F100CC7F66 /* Artist.swift in Sources */ = {isa = PBXBuildFile; fileRef = 84BB492E25DC34F100CC7F66 /* Artist.swift */; };
		84BB493425DC351200CC7F66 /* UserProfile.swift in Sources */ = {isa = PBXBuildFile; fileRef = 84BB493325DC351200CC7F66 /* UserProfile.swift */; };
		84BB494125DC50CB00CC7F66 /* Extensions.swift in Sources */ = {isa = PBXBuildFile; fileRef = 84BB494025DC50CB00CC7F66 /* Extensions.swift */; };
		84C4FEE625E3FEB0009B3D72 /* NewReleasesResponse.swift in Sources */ = {isa = PBXBuildFile; fileRef = 84C4FEE525E3FEAF009B3D72 /* NewReleasesResponse.swift */; };
		84C4FEEB25E4010E009B3D72 /* APIImage.swift in Sources */ = {isa = PBXBuildFile; fileRef = 84C4FEEA25E4010E009B3D72 /* APIImage.swift */; };
		84C4FEF025E4416D009B3D72 /* FeaturedResponse.swift in Sources */ = {isa = PBXBuildFile; fileRef = 84C4FEEF25E4416D009B3D72 /* FeaturedResponse.swift */; };
		84C4FEF525E447E5009B3D72 /* ReccomendedGenresResponse.swift in Sources */ = {isa = PBXBuildFile; fileRef = 84C4FEF425E447E5009B3D72 /* ReccomendedGenresResponse.swift */; };
		84C4FEFA25E44BB0009B3D72 /* RecommendationsResponse.swift in Sources */ = {isa = PBXBuildFile; fileRef = 84C4FEF925E44BB0009B3D72 /* RecommendationsResponse.swift */; };
		F748BF59F1E5A686049CFE93 /* Pods_Spotify_SpotifyUITests.framework in Frameworks */ = {isa = PBXBuildFile; fileRef = ABC2B8F395D919C2231A6E12 /* Pods_Spotify_SpotifyUITests.framework */; };
		F8CD05402F9F91A9DA43C033 /* Pods_Spotify.framework in Frameworks */ = {isa = PBXBuildFile; fileRef = 554275A0BCF09E1EA2008F7F /* Pods_Spotify.framework */; };
/* End PBXBuildFile section */

/* Begin PBXContainerItemProxy section */
		84BB48B825DC2D4000CC7F66 /* PBXContainerItemProxy */ = {
			isa = PBXContainerItemProxy;
			containerPortal = 84BB489925DC2D3D00CC7F66 /* Project object */;
			proxyType = 1;
			remoteGlobalIDString = 84BB48A025DC2D3D00CC7F66;
			remoteInfo = Spotify;
		};
		84BB48C325DC2D4000CC7F66 /* PBXContainerItemProxy */ = {
			isa = PBXContainerItemProxy;
			containerPortal = 84BB489925DC2D3D00CC7F66 /* Project object */;
			proxyType = 1;
			remoteGlobalIDString = 84BB48A025DC2D3D00CC7F66;
			remoteInfo = Spotify;
		};
/* End PBXContainerItemProxy section */

/* Begin PBXFileReference section */
		4DA7640332C7A5A8ACC91FA5 /* Pods_SpotifyTests.framework */ = {isa = PBXFileReference; explicitFileType = wrapper.framework; includeInIndex = 0; path = Pods_SpotifyTests.framework; sourceTree = BUILT_PRODUCTS_DIR; };
		554275A0BCF09E1EA2008F7F /* Pods_Spotify.framework */ = {isa = PBXFileReference; explicitFileType = wrapper.framework; includeInIndex = 0; path = Pods_Spotify.framework; sourceTree = BUILT_PRODUCTS_DIR; };
		7B9BDC09851F910C9D833EDB /* Pods-SpotifyTests.release.xcconfig */ = {isa = PBXFileReference; includeInIndex = 1; lastKnownFileType = text.xcconfig; name = "Pods-SpotifyTests.release.xcconfig"; path = "Target Support Files/Pods-SpotifyTests/Pods-SpotifyTests.release.xcconfig"; sourceTree = "<group>"; };
		841BB63125DE6F5200115C4A /* AuthResponse.swift */ = {isa = PBXFileReference; lastKnownFileType = sourcecode.swift; path = AuthResponse.swift; sourceTree = "<group>"; };
		841BB63925DFDAE400115C4A /* ProfileViewController.swift */ = {isa = PBXFileReference; lastKnownFileType = sourcecode.swift; path = ProfileViewController.swift; sourceTree = "<group>"; };
		841BB63E25DFE8C100115C4A /* SettingsModels.swift */ = {isa = PBXFileReference; lastKnownFileType = sourcecode.swift; path = SettingsModels.swift; sourceTree = "<group>"; };
		84BB48A125DC2D3D00CC7F66 /* Spotify.app */ = {isa = PBXFileReference; explicitFileType = wrapper.application; includeInIndex = 0; path = Spotify.app; sourceTree = BUILT_PRODUCTS_DIR; };
		84BB48A425DC2D3D00CC7F66 /* AppDelegate.swift */ = {isa = PBXFileReference; lastKnownFileType = sourcecode.swift; path = AppDelegate.swift; sourceTree = "<group>"; };
		84BB48A625DC2D3D00CC7F66 /* SceneDelegate.swift */ = {isa = PBXFileReference; lastKnownFileType = sourcecode.swift; path = SceneDelegate.swift; sourceTree = "<group>"; };
		84BB48A825DC2D3D00CC7F66 /* HomeViewController.swift */ = {isa = PBXFileReference; lastKnownFileType = sourcecode.swift; path = HomeViewController.swift; sourceTree = "<group>"; };
		84BB48AD25DC2D4000CC7F66 /* Assets.xcassets */ = {isa = PBXFileReference; lastKnownFileType = folder.assetcatalog; path = Assets.xcassets; sourceTree = "<group>"; };
		84BB48B025DC2D4000CC7F66 /* Base */ = {isa = PBXFileReference; lastKnownFileType = file.storyboard; name = Base; path = Base.lproj/LaunchScreen.storyboard; sourceTree = "<group>"; };
		84BB48B225DC2D4000CC7F66 /* Info.plist */ = {isa = PBXFileReference; lastKnownFileType = text.plist.xml; path = Info.plist; sourceTree = "<group>"; };
		84BB48B725DC2D4000CC7F66 /* SpotifyTests.xctest */ = {isa = PBXFileReference; explicitFileType = wrapper.cfbundle; includeInIndex = 0; path = SpotifyTests.xctest; sourceTree = BUILT_PRODUCTS_DIR; };
		84BB48BB25DC2D4000CC7F66 /* SpotifyTests.swift */ = {isa = PBXFileReference; lastKnownFileType = sourcecode.swift; path = SpotifyTests.swift; sourceTree = "<group>"; };
		84BB48BD25DC2D4000CC7F66 /* Info.plist */ = {isa = PBXFileReference; lastKnownFileType = text.plist.xml; path = Info.plist; sourceTree = "<group>"; };
		84BB48C225DC2D4000CC7F66 /* SpotifyUITests.xctest */ = {isa = PBXFileReference; explicitFileType = wrapper.cfbundle; includeInIndex = 0; path = SpotifyUITests.xctest; sourceTree = BUILT_PRODUCTS_DIR; };
		84BB48C625DC2D4000CC7F66 /* SpotifyUITests.swift */ = {isa = PBXFileReference; lastKnownFileType = sourcecode.swift; path = SpotifyUITests.swift; sourceTree = "<group>"; };
		84BB48C825DC2D4000CC7F66 /* Info.plist */ = {isa = PBXFileReference; lastKnownFileType = text.plist.xml; path = Info.plist; sourceTree = "<group>"; };
		84BB48E225DC31D200CC7F66 /* TabBarViewController.swift */ = {isa = PBXFileReference; lastKnownFileType = sourcecode.swift; path = TabBarViewController.swift; sourceTree = "<group>"; };
		84BB48EA25DC322A00CC7F66 /* SearchViewController.swift */ = {isa = PBXFileReference; lastKnownFileType = sourcecode.swift; path = SearchViewController.swift; sourceTree = "<group>"; };
		84BB48EF25DC324B00CC7F66 /* LibraryViewController.swift */ = {isa = PBXFileReference; lastKnownFileType = sourcecode.swift; path = LibraryViewController.swift; sourceTree = "<group>"; };
		84BB48F925DC329400CC7F66 /* AuthViewController.swift */ = {isa = PBXFileReference; lastKnownFileType = sourcecode.swift; path = AuthViewController.swift; sourceTree = "<group>"; };
		84BB490125DC32A500CC7F66 /* WelcomeViewController.swift */ = {isa = PBXFileReference; lastKnownFileType = sourcecode.swift; path = WelcomeViewController.swift; sourceTree = "<group>"; };
		84BB490625DC32B500CC7F66 /* SettingsViewController.swift */ = {isa = PBXFileReference; lastKnownFileType = sourcecode.swift; path = SettingsViewController.swift; sourceTree = "<group>"; };
		84BB490B25DC32C500CC7F66 /* PlayerViewController.swift */ = {isa = PBXFileReference; lastKnownFileType = sourcecode.swift; path = PlayerViewController.swift; sourceTree = "<group>"; };
		84BB491025DC32E900CC7F66 /* SearchResultViewController.swift */ = {isa = PBXFileReference; lastKnownFileType = sourcecode.swift; path = SearchResultViewController.swift; sourceTree = "<group>"; };
		84BB491525DC331100CC7F66 /* AuthManager.swift */ = {isa = PBXFileReference; lastKnownFileType = sourcecode.swift; path = AuthManager.swift; sourceTree = "<group>"; };
		84BB491A25DC332400CC7F66 /* APICaller.swift */ = {isa = PBXFileReference; lastKnownFileType = sourcecode.swift; path = APICaller.swift; sourceTree = "<group>"; };
		84BB491F25DC333A00CC7F66 /* HapticsManager.swift */ = {isa = PBXFileReference; lastKnownFileType = sourcecode.swift; path = HapticsManager.swift; sourceTree = "<group>"; };
		84BB492425DC34D000CC7F66 /* Playlist.swift */ = {isa = PBXFileReference; lastKnownFileType = sourcecode.swift; path = Playlist.swift; sourceTree = "<group>"; };
		84BB492925DC34E500CC7F66 /* AudioTrack.swift */ = {isa = PBXFileReference; lastKnownFileType = sourcecode.swift; path = AudioTrack.swift; sourceTree = "<group>"; };
		84BB492E25DC34F100CC7F66 /* Artist.swift */ = {isa = PBXFileReference; lastKnownFileType = sourcecode.swift; path = Artist.swift; sourceTree = "<group>"; };
		84BB493325DC351200CC7F66 /* UserProfile.swift */ = {isa = PBXFileReference; lastKnownFileType = sourcecode.swift; path = UserProfile.swift; sourceTree = "<group>"; };
		84BB494025DC50CB00CC7F66 /* Extensions.swift */ = {isa = PBXFileReference; lastKnownFileType = sourcecode.swift; path = Extensions.swift; sourceTree = "<group>"; };
		84C4FEE525E3FEAF009B3D72 /* NewReleasesResponse.swift */ = {isa = PBXFileReference; lastKnownFileType = sourcecode.swift; path = NewReleasesResponse.swift; sourceTree = "<group>"; };
		84C4FEEA25E4010E009B3D72 /* APIImage.swift */ = {isa = PBXFileReference; lastKnownFileType = sourcecode.swift; path = APIImage.swift; sourceTree = "<group>"; };
		84C4FEEF25E4416D009B3D72 /* FeaturedResponse.swift */ = {isa = PBXFileReference; lastKnownFileType = sourcecode.swift; path = FeaturedResponse.swift; sourceTree = "<group>"; };
		84C4FEF425E447E5009B3D72 /* ReccomendedGenresResponse.swift */ = {isa = PBXFileReference; lastKnownFileType = sourcecode.swift; path = ReccomendedGenresResponse.swift; sourceTree = "<group>"; };
		84C4FEF925E44BB0009B3D72 /* RecommendationsResponse.swift */ = {isa = PBXFileReference; lastKnownFileType = sourcecode.swift; path = RecommendationsResponse.swift; sourceTree = "<group>"; };
		ABC2B8F395D919C2231A6E12 /* Pods_Spotify_SpotifyUITests.framework */ = {isa = PBXFileReference; explicitFileType = wrapper.framework; includeInIndex = 0; path = Pods_Spotify_SpotifyUITests.framework; sourceTree = BUILT_PRODUCTS_DIR; };
		AC3FEC65DF3628015A5334E7 /* Pods-Spotify.debug.xcconfig */ = {isa = PBXFileReference; includeInIndex = 1; lastKnownFileType = text.xcconfig; name = "Pods-Spotify.debug.xcconfig"; path = "Target Support Files/Pods-Spotify/Pods-Spotify.debug.xcconfig"; sourceTree = "<group>"; };
		C77010A6247B7D25AF801DB5 /* Pods-SpotifyTests.debug.xcconfig */ = {isa = PBXFileReference; includeInIndex = 1; lastKnownFileType = text.xcconfig; name = "Pods-SpotifyTests.debug.xcconfig"; path = "Target Support Files/Pods-SpotifyTests/Pods-SpotifyTests.debug.xcconfig"; sourceTree = "<group>"; };
		D308F5B095011F80219AB360 /* Pods-Spotify-SpotifyUITests.release.xcconfig */ = {isa = PBXFileReference; includeInIndex = 1; lastKnownFileType = text.xcconfig; name = "Pods-Spotify-SpotifyUITests.release.xcconfig"; path = "Target Support Files/Pods-Spotify-SpotifyUITests/Pods-Spotify-SpotifyUITests.release.xcconfig"; sourceTree = "<group>"; };
		F4116543B5954C28828CBADD /* Pods-Spotify.release.xcconfig */ = {isa = PBXFileReference; includeInIndex = 1; lastKnownFileType = text.xcconfig; name = "Pods-Spotify.release.xcconfig"; path = "Target Support Files/Pods-Spotify/Pods-Spotify.release.xcconfig"; sourceTree = "<group>"; };
		FB3368DFD16B0F951BAAC0B6 /* Pods-Spotify-SpotifyUITests.debug.xcconfig */ = {isa = PBXFileReference; includeInIndex = 1; lastKnownFileType = text.xcconfig; name = "Pods-Spotify-SpotifyUITests.debug.xcconfig"; path = "Target Support Files/Pods-Spotify-SpotifyUITests/Pods-Spotify-SpotifyUITests.debug.xcconfig"; sourceTree = "<group>"; };
/* End PBXFileReference section */

/* Begin PBXFrameworksBuildPhase section */
		84BB489E25DC2D3D00CC7F66 /* Frameworks */ = {
			isa = PBXFrameworksBuildPhase;
			buildActionMask = 2147483647;
			files = (
				F8CD05402F9F91A9DA43C033 /* Pods_Spotify.framework in Frameworks */,
			);
			runOnlyForDeploymentPostprocessing = 0;
		};
		84BB48B425DC2D4000CC7F66 /* Frameworks */ = {
			isa = PBXFrameworksBuildPhase;
			buildActionMask = 2147483647;
			files = (
				54752B7C93C8BCB79E446435 /* Pods_SpotifyTests.framework in Frameworks */,
			);
			runOnlyForDeploymentPostprocessing = 0;
		};
		84BB48BF25DC2D4000CC7F66 /* Frameworks */ = {
			isa = PBXFrameworksBuildPhase;
			buildActionMask = 2147483647;
			files = (
				F748BF59F1E5A686049CFE93 /* Pods_Spotify_SpotifyUITests.framework in Frameworks */,
			);
			runOnlyForDeploymentPostprocessing = 0;
		};
/* End PBXFrameworksBuildPhase section */

/* Begin PBXGroup section */
		262A73EC947562DE949A1F25 /* Frameworks */ = {
			isa = PBXGroup;
			children = (
				554275A0BCF09E1EA2008F7F /* Pods_Spotify.framework */,
				ABC2B8F395D919C2231A6E12 /* Pods_Spotify_SpotifyUITests.framework */,
				4DA7640332C7A5A8ACC91FA5 /* Pods_SpotifyTests.framework */,
			);
			name = Frameworks;
			sourceTree = "<group>";
		};
		84BB489825DC2D3D00CC7F66 = {
			isa = PBXGroup;
			children = (
				84BB48A325DC2D3D00CC7F66 /* Spotify */,
				84BB48BA25DC2D4000CC7F66 /* SpotifyTests */,
				84BB48C525DC2D4000CC7F66 /* SpotifyUITests */,
				84BB48A225DC2D3D00CC7F66 /* Products */,
				CC46DB88A93AC0E6DC1A95BC /* Pods */,
				262A73EC947562DE949A1F25 /* Frameworks */,
			);
			sourceTree = "<group>";
		};
		84BB48A225DC2D3D00CC7F66 /* Products */ = {
			isa = PBXGroup;
			children = (
				84BB48A125DC2D3D00CC7F66 /* Spotify.app */,
				84BB48B725DC2D4000CC7F66 /* SpotifyTests.xctest */,
				84BB48C225DC2D4000CC7F66 /* SpotifyUITests.xctest */,
			);
			name = Products;
			sourceTree = "<group>";
		};
		84BB48A325DC2D3D00CC7F66 /* Spotify */ = {
			isa = PBXGroup;
			children = (
				84BB48DD25DC2E0300CC7F66 /* Managers */,
				84BB48DE25DC2E5000CC7F66 /* Controllers */,
				84BB48DC25DC2D9B00CC7F66 /* Resousces */,
				84BB48DA25DC2D7700CC7F66 /* ViewModels */,
				84BB48D825DC2D6700CC7F66 /* Models */,
				84BB48D725DC2D5F00CC7F66 /* Views */,
				84BB48B225DC2D4000CC7F66 /* Info.plist */,
			);
			path = Spotify;
			sourceTree = "<group>";
		};
		84BB48BA25DC2D4000CC7F66 /* SpotifyTests */ = {
			isa = PBXGroup;
			children = (
				84BB48BB25DC2D4000CC7F66 /* SpotifyTests.swift */,
				84BB48BD25DC2D4000CC7F66 /* Info.plist */,
			);
			path = SpotifyTests;
			sourceTree = "<group>";
		};
		84BB48C525DC2D4000CC7F66 /* SpotifyUITests */ = {
			isa = PBXGroup;
			children = (
				84BB48C625DC2D4000CC7F66 /* SpotifyUITests.swift */,
				84BB48C825DC2D4000CC7F66 /* Info.plist */,
			);
			path = SpotifyUITests;
			sourceTree = "<group>";
		};
		84BB48D725DC2D5F00CC7F66 /* Views */ = {
			isa = PBXGroup;
			children = (
				84BB48AF25DC2D4000CC7F66 /* LaunchScreen.storyboard */,
			);
			path = Views;
			sourceTree = "<group>";
		};
		84BB48D825DC2D6700CC7F66 /* Models */ = {
			isa = PBXGroup;
			children = (
				84BB492425DC34D000CC7F66 /* Playlist.swift */,
				84BB492925DC34E500CC7F66 /* AudioTrack.swift */,
				84BB492E25DC34F100CC7F66 /* Artist.swift */,
				84BB493325DC351200CC7F66 /* UserProfile.swift */,
				841BB63125DE6F5200115C4A /* AuthResponse.swift */,
				841BB63E25DFE8C100115C4A /* SettingsModels.swift */,
				84C4FEE525E3FEAF009B3D72 /* NewReleasesResponse.swift */,
				84C4FEEA25E4010E009B3D72 /* APIImage.swift */,
				84C4FEEF25E4416D009B3D72 /* FeaturedResponse.swift */,
				84C4FEF425E447E5009B3D72 /* ReccomendedGenresResponse.swift */,
				84C4FEF925E44BB0009B3D72 /* RecommendationsResponse.swift */,
			);
			path = Models;
			sourceTree = "<group>";
		};
		84BB48DA25DC2D7700CC7F66 /* ViewModels */ = {
			isa = PBXGroup;
			children = (
			);
			path = ViewModels;
			sourceTree = "<group>";
		};
		84BB48DC25DC2D9B00CC7F66 /* Resousces */ = {
			isa = PBXGroup;
			children = (
				84BB48AD25DC2D4000CC7F66 /* Assets.xcassets */,
				84BB48A425DC2D3D00CC7F66 /* AppDelegate.swift */,
				84BB48A625DC2D3D00CC7F66 /* SceneDelegate.swift */,
				84BB494025DC50CB00CC7F66 /* Extensions.swift */,
			);
			path = Resousces;
			sourceTree = "<group>";
		};
		84BB48DD25DC2E0300CC7F66 /* Managers */ = {
			isa = PBXGroup;
			children = (
				84BB491525DC331100CC7F66 /* AuthManager.swift */,
				84BB491A25DC332400CC7F66 /* APICaller.swift */,
				84BB491F25DC333A00CC7F66 /* HapticsManager.swift */,
			);
			path = Managers;
			sourceTree = "<group>";
		};
		84BB48DE25DC2E5000CC7F66 /* Controllers */ = {
			isa = PBXGroup;
			children = (
				84BB48F825DC327C00CC7F66 /* Others */,
				84BB48F425DC326200CC7F66 /* Core */,
			);
			path = Controllers;
			sourceTree = "<group>";
		};
		84BB48F425DC326200CC7F66 /* Core */ = {
			isa = PBXGroup;
			children = (
				84BB48A825DC2D3D00CC7F66 /* HomeViewController.swift */,
				84BB48E225DC31D200CC7F66 /* TabBarViewController.swift */,
				84BB48EA25DC322A00CC7F66 /* SearchViewController.swift */,
				84BB48EF25DC324B00CC7F66 /* LibraryViewController.swift */,
			);
			path = Core;
			sourceTree = "<group>";
		};
		84BB48F825DC327C00CC7F66 /* Others */ = {
			isa = PBXGroup;
			children = (
				84BB48F925DC329400CC7F66 /* AuthViewController.swift */,
				84BB490125DC32A500CC7F66 /* WelcomeViewController.swift */,
				84BB490625DC32B500CC7F66 /* SettingsViewController.swift */,
				84BB490B25DC32C500CC7F66 /* PlayerViewController.swift */,
				84BB491025DC32E900CC7F66 /* SearchResultViewController.swift */,
				841BB63925DFDAE400115C4A /* ProfileViewController.swift */,
			);
			path = Others;
			sourceTree = "<group>";
		};
		CC46DB88A93AC0E6DC1A95BC /* Pods */ = {
			isa = PBXGroup;
			children = (
				AC3FEC65DF3628015A5334E7 /* Pods-Spotify.debug.xcconfig */,
				F4116543B5954C28828CBADD /* Pods-Spotify.release.xcconfig */,
				FB3368DFD16B0F951BAAC0B6 /* Pods-Spotify-SpotifyUITests.debug.xcconfig */,
				D308F5B095011F80219AB360 /* Pods-Spotify-SpotifyUITests.release.xcconfig */,
				C77010A6247B7D25AF801DB5 /* Pods-SpotifyTests.debug.xcconfig */,
				7B9BDC09851F910C9D833EDB /* Pods-SpotifyTests.release.xcconfig */,
			);
			path = Pods;
			sourceTree = "<group>";
		};
/* End PBXGroup section */

/* Begin PBXNativeTarget section */
		84BB48A025DC2D3D00CC7F66 /* Spotify */ = {
			isa = PBXNativeTarget;
			buildConfigurationList = 84BB48CB25DC2D4000CC7F66 /* Build configuration list for PBXNativeTarget "Spotify" */;
			buildPhases = (
				873A11C8CC6528A2FF5A4F8C /* [CP] Check Pods Manifest.lock */,
				84BB489D25DC2D3D00CC7F66 /* Sources */,
				84BB489E25DC2D3D00CC7F66 /* Frameworks */,
				84BB489F25DC2D3D00CC7F66 /* Resources */,
				2E29394F55703AAF63322ECC /* [CP] Embed Pods Frameworks */,
			);
			buildRules = (
			);
			dependencies = (
			);
			name = Spotify;
			productName = Spotify;
			productReference = 84BB48A125DC2D3D00CC7F66 /* Spotify.app */;
			productType = "com.apple.product-type.application";
		};
		84BB48B625DC2D4000CC7F66 /* SpotifyTests */ = {
			isa = PBXNativeTarget;
			buildConfigurationList = 84BB48CE25DC2D4000CC7F66 /* Build configuration list for PBXNativeTarget "SpotifyTests" */;
			buildPhases = (
				90FA6FC67E2E3E4B43631276 /* [CP] Check Pods Manifest.lock */,
				84BB48B325DC2D4000CC7F66 /* Sources */,
				84BB48B425DC2D4000CC7F66 /* Frameworks */,
				84BB48B525DC2D4000CC7F66 /* Resources */,
			);
			buildRules = (
			);
			dependencies = (
				84BB48B925DC2D4000CC7F66 /* PBXTargetDependency */,
			);
			name = SpotifyTests;
			productName = SpotifyTests;
			productReference = 84BB48B725DC2D4000CC7F66 /* SpotifyTests.xctest */;
			productType = "com.apple.product-type.bundle.unit-test";
		};
		84BB48C125DC2D4000CC7F66 /* SpotifyUITests */ = {
			isa = PBXNativeTarget;
			buildConfigurationList = 84BB48D125DC2D4000CC7F66 /* Build configuration list for PBXNativeTarget "SpotifyUITests" */;
			buildPhases = (
				2FF7B1CB7CF6FC2D8B2F5CDF /* [CP] Check Pods Manifest.lock */,
				84BB48BE25DC2D4000CC7F66 /* Sources */,
				84BB48BF25DC2D4000CC7F66 /* Frameworks */,
				84BB48C025DC2D4000CC7F66 /* Resources */,
				A2AF67ECE0137890C106CBE1 /* [CP] Embed Pods Frameworks */,
			);
			buildRules = (
			);
			dependencies = (
				84BB48C425DC2D4000CC7F66 /* PBXTargetDependency */,
			);
			name = SpotifyUITests;
			productName = SpotifyUITests;
			productReference = 84BB48C225DC2D4000CC7F66 /* SpotifyUITests.xctest */;
			productType = "com.apple.product-type.bundle.ui-testing";
		};
/* End PBXNativeTarget section */

/* Begin PBXProject section */
		84BB489925DC2D3D00CC7F66 /* Project object */ = {
			isa = PBXProject;
			attributes = {
				LastSwiftUpdateCheck = 1230;
				LastUpgradeCheck = 1230;
				TargetAttributes = {
					84BB48A025DC2D3D00CC7F66 = {
						CreatedOnToolsVersion = 12.3;
					};
					84BB48B625DC2D4000CC7F66 = {
						CreatedOnToolsVersion = 12.3;
						TestTargetID = 84BB48A025DC2D3D00CC7F66;
					};
					84BB48C125DC2D4000CC7F66 = {
						CreatedOnToolsVersion = 12.3;
						TestTargetID = 84BB48A025DC2D3D00CC7F66;
					};
				};
			};
			buildConfigurationList = 84BB489C25DC2D3D00CC7F66 /* Build configuration list for PBXProject "Spotify" */;
			compatibilityVersion = "Xcode 9.3";
			developmentRegion = en;
			hasScannedForEncodings = 0;
			knownRegions = (
				en,
				Base,
			);
			mainGroup = 84BB489825DC2D3D00CC7F66;
			productRefGroup = 84BB48A225DC2D3D00CC7F66 /* Products */;
			projectDirPath = "";
			projectRoot = "";
			targets = (
				84BB48A025DC2D3D00CC7F66 /* Spotify */,
				84BB48B625DC2D4000CC7F66 /* SpotifyTests */,
				84BB48C125DC2D4000CC7F66 /* SpotifyUITests */,
			);
		};
/* End PBXProject section */

/* Begin PBXResourcesBuildPhase section */
		84BB489F25DC2D3D00CC7F66 /* Resources */ = {
			isa = PBXResourcesBuildPhase;
			buildActionMask = 2147483647;
			files = (
				84BB48B125DC2D4000CC7F66 /* LaunchScreen.storyboard in Resources */,
				84BB48AE25DC2D4000CC7F66 /* Assets.xcassets in Resources */,
			);
			runOnlyForDeploymentPostprocessing = 0;
		};
		84BB48B525DC2D4000CC7F66 /* Resources */ = {
			isa = PBXResourcesBuildPhase;
			buildActionMask = 2147483647;
			files = (
			);
			runOnlyForDeploymentPostprocessing = 0;
		};
		84BB48C025DC2D4000CC7F66 /* Resources */ = {
			isa = PBXResourcesBuildPhase;
			buildActionMask = 2147483647;
			files = (
			);
			runOnlyForDeploymentPostprocessing = 0;
		};
/* End PBXResourcesBuildPhase section */

/* Begin PBXShellScriptBuildPhase section */
		2E29394F55703AAF63322ECC /* [CP] Embed Pods Frameworks */ = {
			isa = PBXShellScriptBuildPhase;
			buildActionMask = 2147483647;
			files = (
			);
			inputFileListPaths = (
				"${PODS_ROOT}/Target Support Files/Pods-Spotify/Pods-Spotify-frameworks-${CONFIGURATION}-input-files.xcfilelist",
			);
			name = "[CP] Embed Pods Frameworks";
			outputFileListPaths = (
				"${PODS_ROOT}/Target Support Files/Pods-Spotify/Pods-Spotify-frameworks-${CONFIGURATION}-output-files.xcfilelist",
			);
			runOnlyForDeploymentPostprocessing = 0;
			shellPath = /bin/sh;
			shellScript = "\"${PODS_ROOT}/Target Support Files/Pods-Spotify/Pods-Spotify-frameworks.sh\"\n";
			showEnvVarsInLog = 0;
		};
		2FF7B1CB7CF6FC2D8B2F5CDF /* [CP] Check Pods Manifest.lock */ = {
			isa = PBXShellScriptBuildPhase;
			buildActionMask = 2147483647;
			files = (
			);
			inputFileListPaths = (
			);
			inputPaths = (
				"${PODS_PODFILE_DIR_PATH}/Podfile.lock",
				"${PODS_ROOT}/Manifest.lock",
			);
			name = "[CP] Check Pods Manifest.lock";
			outputFileListPaths = (
			);
			outputPaths = (
				"$(DERIVED_FILE_DIR)/Pods-Spotify-SpotifyUITests-checkManifestLockResult.txt",
			);
			runOnlyForDeploymentPostprocessing = 0;
			shellPath = /bin/sh;
			shellScript = "diff \"${PODS_PODFILE_DIR_PATH}/Podfile.lock\" \"${PODS_ROOT}/Manifest.lock\" > /dev/null\nif [ $? != 0 ] ; then\n    # print error to STDERR\n    echo \"error: The sandbox is not in sync with the Podfile.lock. Run 'pod install' or update your CocoaPods installation.\" >&2\n    exit 1\nfi\n# This output is used by Xcode 'outputs' to avoid re-running this script phase.\necho \"SUCCESS\" > \"${SCRIPT_OUTPUT_FILE_0}\"\n";
			showEnvVarsInLog = 0;
		};
		873A11C8CC6528A2FF5A4F8C /* [CP] Check Pods Manifest.lock */ = {
			isa = PBXShellScriptBuildPhase;
			buildActionMask = 2147483647;
			files = (
			);
			inputFileListPaths = (
			);
			inputPaths = (
				"${PODS_PODFILE_DIR_PATH}/Podfile.lock",
				"${PODS_ROOT}/Manifest.lock",
			);
			name = "[CP] Check Pods Manifest.lock";
			outputFileListPaths = (
			);
			outputPaths = (
				"$(DERIVED_FILE_DIR)/Pods-Spotify-checkManifestLockResult.txt",
			);
			runOnlyForDeploymentPostprocessing = 0;
			shellPath = /bin/sh;
			shellScript = "diff \"${PODS_PODFILE_DIR_PATH}/Podfile.lock\" \"${PODS_ROOT}/Manifest.lock\" > /dev/null\nif [ $? != 0 ] ; then\n    # print error to STDERR\n    echo \"error: The sandbox is not in sync with the Podfile.lock. Run 'pod install' or update your CocoaPods installation.\" >&2\n    exit 1\nfi\n# This output is used by Xcode 'outputs' to avoid re-running this script phase.\necho \"SUCCESS\" > \"${SCRIPT_OUTPUT_FILE_0}\"\n";
			showEnvVarsInLog = 0;
		};
		90FA6FC67E2E3E4B43631276 /* [CP] Check Pods Manifest.lock */ = {
			isa = PBXShellScriptBuildPhase;
			buildActionMask = 2147483647;
			files = (
			);
			inputFileListPaths = (
			);
			inputPaths = (
				"${PODS_PODFILE_DIR_PATH}/Podfile.lock",
				"${PODS_ROOT}/Manifest.lock",
			);
			name = "[CP] Check Pods Manifest.lock";
			outputFileListPaths = (
			);
			outputPaths = (
				"$(DERIVED_FILE_DIR)/Pods-SpotifyTests-checkManifestLockResult.txt",
			);
			runOnlyForDeploymentPostprocessing = 0;
			shellPath = /bin/sh;
			shellScript = "diff \"${PODS_PODFILE_DIR_PATH}/Podfile.lock\" \"${PODS_ROOT}/Manifest.lock\" > /dev/null\nif [ $? != 0 ] ; then\n    # print error to STDERR\n    echo \"error: The sandbox is not in sync with the Podfile.lock. Run 'pod install' or update your CocoaPods installation.\" >&2\n    exit 1\nfi\n# This output is used by Xcode 'outputs' to avoid re-running this script phase.\necho \"SUCCESS\" > \"${SCRIPT_OUTPUT_FILE_0}\"\n";
			showEnvVarsInLog = 0;
		};
		A2AF67ECE0137890C106CBE1 /* [CP] Embed Pods Frameworks */ = {
			isa = PBXShellScriptBuildPhase;
			buildActionMask = 2147483647;
			files = (
			);
			inputFileListPaths = (
				"${PODS_ROOT}/Target Support Files/Pods-Spotify-SpotifyUITests/Pods-Spotify-SpotifyUITests-frameworks-${CONFIGURATION}-input-files.xcfilelist",
			);
			name = "[CP] Embed Pods Frameworks";
			outputFileListPaths = (
				"${PODS_ROOT}/Target Support Files/Pods-Spotify-SpotifyUITests/Pods-Spotify-SpotifyUITests-frameworks-${CONFIGURATION}-output-files.xcfilelist",
			);
			runOnlyForDeploymentPostprocessing = 0;
			shellPath = /bin/sh;
			shellScript = "\"${PODS_ROOT}/Target Support Files/Pods-Spotify-SpotifyUITests/Pods-Spotify-SpotifyUITests-frameworks.sh\"\n";
			showEnvVarsInLog = 0;
		};
/* End PBXShellScriptBuildPhase section */

/* Begin PBXSourcesBuildPhase section */
		84BB489D25DC2D3D00CC7F66 /* Sources */ = {
			isa = PBXSourcesBuildPhase;
			buildActionMask = 2147483647;
			files = (
				84BB48EB25DC322A00CC7F66 /* SearchViewController.swift in Sources */,
				84BB491625DC331100CC7F66 /* AuthManager.swift in Sources */,
				84BB492025DC333A00CC7F66 /* HapticsManager.swift in Sources */,
				84BB491B25DC332400CC7F66 /* APICaller.swift in Sources */,
				84BB490225DC32A500CC7F66 /* WelcomeViewController.swift in Sources */,
				84BB48E325DC31D200CC7F66 /* TabBarViewController.swift in Sources */,
				84C4FEF525E447E5009B3D72 /* ReccomendedGenresResponse.swift in Sources */,
				84BB48A925DC2D3D00CC7F66 /* HomeViewController.swift in Sources */,
				84BB494125DC50CB00CC7F66 /* Extensions.swift in Sources */,
				841BB63F25DFE8C100115C4A /* SettingsModels.swift in Sources */,
				84BB48FA25DC329400CC7F66 /* AuthViewController.swift in Sources */,
				84BB493425DC351200CC7F66 /* UserProfile.swift in Sources */,
				84C4FEF025E4416D009B3D72 /* FeaturedResponse.swift in Sources */,
				84BB48A525DC2D3D00CC7F66 /* AppDelegate.swift in Sources */,
				84BB48F025DC324B00CC7F66 /* LibraryViewController.swift in Sources */,
				84BB48A725DC2D3D00CC7F66 /* SceneDelegate.swift in Sources */,
				84BB492A25DC34E500CC7F66 /* AudioTrack.swift in Sources */,
				84C4FEFA25E44BB0009B3D72 /* RecommendationsResponse.swift in Sources */,
				84BB491125DC32E900CC7F66 /* SearchResultViewController.swift in Sources */,
				84BB490725DC32B500CC7F66 /* SettingsViewController.swift in Sources */,
				84BB492F25DC34F100CC7F66 /* Artist.swift in Sources */,
				84BB490C25DC32C500CC7F66 /* PlayerViewController.swift in Sources */,
				841BB63A25DFDAE400115C4A /* ProfileViewController.swift in Sources */,
				841BB63225DE6F5200115C4A /* AuthResponse.swift in Sources */,
				84C4FEE625E3FEB0009B3D72 /* NewReleasesResponse.swift in Sources */,
				84C4FEEB25E4010E009B3D72 /* APIImage.swift in Sources */,
				84BB492525DC34D000CC7F66 /* Playlist.swift in Sources */,
			);
			runOnlyForDeploymentPostprocessing = 0;
		};
		84BB48B325DC2D4000CC7F66 /* Sources */ = {
			isa = PBXSourcesBuildPhase;
			buildActionMask = 2147483647;
			files = (
				84BB48BC25DC2D4000CC7F66 /* SpotifyTests.swift in Sources */,
			);
			runOnlyForDeploymentPostprocessing = 0;
		};
		84BB48BE25DC2D4000CC7F66 /* Sources */ = {
			isa = PBXSourcesBuildPhase;
			buildActionMask = 2147483647;
			files = (
				84BB48C725DC2D4000CC7F66 /* SpotifyUITests.swift in Sources */,
			);
			runOnlyForDeploymentPostprocessing = 0;
		};
/* End PBXSourcesBuildPhase section */

/* Begin PBXTargetDependency section */
		84BB48B925DC2D4000CC7F66 /* PBXTargetDependency */ = {
			isa = PBXTargetDependency;
			target = 84BB48A025DC2D3D00CC7F66 /* Spotify */;
			targetProxy = 84BB48B825DC2D4000CC7F66 /* PBXContainerItemProxy */;
		};
		84BB48C425DC2D4000CC7F66 /* PBXTargetDependency */ = {
			isa = PBXTargetDependency;
			target = 84BB48A025DC2D3D00CC7F66 /* Spotify */;
			targetProxy = 84BB48C325DC2D4000CC7F66 /* PBXContainerItemProxy */;
		};
/* End PBXTargetDependency section */

/* Begin PBXVariantGroup section */
		84BB48AF25DC2D4000CC7F66 /* LaunchScreen.storyboard */ = {
			isa = PBXVariantGroup;
			children = (
				84BB48B025DC2D4000CC7F66 /* Base */,
			);
			name = LaunchScreen.storyboard;
			sourceTree = "<group>";
		};
/* End PBXVariantGroup section */

/* Begin XCBuildConfiguration section */
		84BB48C925DC2D4000CC7F66 /* Debug */ = {
			isa = XCBuildConfiguration;
			buildSettings = {
				ALWAYS_SEARCH_USER_PATHS = NO;
				CLANG_ANALYZER_NONNULL = YES;
				CLANG_ANALYZER_NUMBER_OBJECT_CONVERSION = YES_AGGRESSIVE;
				CLANG_CXX_LANGUAGE_STANDARD = "gnu++14";
				CLANG_CXX_LIBRARY = "libc++";
				CLANG_ENABLE_MODULES = YES;
				CLANG_ENABLE_OBJC_ARC = YES;
				CLANG_ENABLE_OBJC_WEAK = YES;
				CLANG_WARN_BLOCK_CAPTURE_AUTORELEASING = YES;
				CLANG_WARN_BOOL_CONVERSION = YES;
				CLANG_WARN_COMMA = YES;
				CLANG_WARN_CONSTANT_CONVERSION = YES;
				CLANG_WARN_DEPRECATED_OBJC_IMPLEMENTATIONS = YES;
				CLANG_WARN_DIRECT_OBJC_ISA_USAGE = YES_ERROR;
				CLANG_WARN_DOCUMENTATION_COMMENTS = YES;
				CLANG_WARN_EMPTY_BODY = YES;
				CLANG_WARN_ENUM_CONVERSION = YES;
				CLANG_WARN_INFINITE_RECURSION = YES;
				CLANG_WARN_INT_CONVERSION = YES;
				CLANG_WARN_NON_LITERAL_NULL_CONVERSION = YES;
				CLANG_WARN_OBJC_IMPLICIT_RETAIN_SELF = YES;
				CLANG_WARN_OBJC_LITERAL_CONVERSION = YES;
				CLANG_WARN_OBJC_ROOT_CLASS = YES_ERROR;
				CLANG_WARN_QUOTED_INCLUDE_IN_FRAMEWORK_HEADER = YES;
				CLANG_WARN_RANGE_LOOP_ANALYSIS = YES;
				CLANG_WARN_STRICT_PROTOTYPES = YES;
				CLANG_WARN_SUSPICIOUS_MOVE = YES;
				CLANG_WARN_UNGUARDED_AVAILABILITY = YES_AGGRESSIVE;
				CLANG_WARN_UNREACHABLE_CODE = YES;
				CLANG_WARN__DUPLICATE_METHOD_MATCH = YES;
				COPY_PHASE_STRIP = NO;
				DEBUG_INFORMATION_FORMAT = dwarf;
				ENABLE_STRICT_OBJC_MSGSEND = YES;
				ENABLE_TESTABILITY = YES;
				GCC_C_LANGUAGE_STANDARD = gnu11;
				GCC_DYNAMIC_NO_PIC = NO;
				GCC_NO_COMMON_BLOCKS = YES;
				GCC_OPTIMIZATION_LEVEL = 0;
				GCC_PREPROCESSOR_DEFINITIONS = (
					"DEBUG=1",
					"$(inherited)",
				);
				GCC_WARN_64_TO_32_BIT_CONVERSION = YES;
				GCC_WARN_ABOUT_RETURN_TYPE = YES_ERROR;
				GCC_WARN_UNDECLARED_SELECTOR = YES;
				GCC_WARN_UNINITIALIZED_AUTOS = YES_AGGRESSIVE;
				GCC_WARN_UNUSED_FUNCTION = YES;
				GCC_WARN_UNUSED_VARIABLE = YES;
				IPHONEOS_DEPLOYMENT_TARGET = 14.3;
				MTL_ENABLE_DEBUG_INFO = INCLUDE_SOURCE;
				MTL_FAST_MATH = YES;
				ONLY_ACTIVE_ARCH = YES;
				SDKROOT = iphoneos;
				SWIFT_ACTIVE_COMPILATION_CONDITIONS = DEBUG;
				SWIFT_OPTIMIZATION_LEVEL = "-Onone";
			};
			name = Debug;
		};
		84BB48CA25DC2D4000CC7F66 /* Release */ = {
			isa = XCBuildConfiguration;
			buildSettings = {
				ALWAYS_SEARCH_USER_PATHS = NO;
				CLANG_ANALYZER_NONNULL = YES;
				CLANG_ANALYZER_NUMBER_OBJECT_CONVERSION = YES_AGGRESSIVE;
				CLANG_CXX_LANGUAGE_STANDARD = "gnu++14";
				CLANG_CXX_LIBRARY = "libc++";
				CLANG_ENABLE_MODULES = YES;
				CLANG_ENABLE_OBJC_ARC = YES;
				CLANG_ENABLE_OBJC_WEAK = YES;
				CLANG_WARN_BLOCK_CAPTURE_AUTORELEASING = YES;
				CLANG_WARN_BOOL_CONVERSION = YES;
				CLANG_WARN_COMMA = YES;
				CLANG_WARN_CONSTANT_CONVERSION = YES;
				CLANG_WARN_DEPRECATED_OBJC_IMPLEMENTATIONS = YES;
				CLANG_WARN_DIRECT_OBJC_ISA_USAGE = YES_ERROR;
				CLANG_WARN_DOCUMENTATION_COMMENTS = YES;
				CLANG_WARN_EMPTY_BODY = YES;
				CLANG_WARN_ENUM_CONVERSION = YES;
				CLANG_WARN_INFINITE_RECURSION = YES;
				CLANG_WARN_INT_CONVERSION = YES;
				CLANG_WARN_NON_LITERAL_NULL_CONVERSION = YES;
				CLANG_WARN_OBJC_IMPLICIT_RETAIN_SELF = YES;
				CLANG_WARN_OBJC_LITERAL_CONVERSION = YES;
				CLANG_WARN_OBJC_ROOT_CLASS = YES_ERROR;
				CLANG_WARN_QUOTED_INCLUDE_IN_FRAMEWORK_HEADER = YES;
				CLANG_WARN_RANGE_LOOP_ANALYSIS = YES;
				CLANG_WARN_STRICT_PROTOTYPES = YES;
				CLANG_WARN_SUSPICIOUS_MOVE = YES;
				CLANG_WARN_UNGUARDED_AVAILABILITY = YES_AGGRESSIVE;
				CLANG_WARN_UNREACHABLE_CODE = YES;
				CLANG_WARN__DUPLICATE_METHOD_MATCH = YES;
				COPY_PHASE_STRIP = NO;
				DEBUG_INFORMATION_FORMAT = "dwarf-with-dsym";
				ENABLE_NS_ASSERTIONS = NO;
				ENABLE_STRICT_OBJC_MSGSEND = YES;
				GCC_C_LANGUAGE_STANDARD = gnu11;
				GCC_NO_COMMON_BLOCKS = YES;
				GCC_WARN_64_TO_32_BIT_CONVERSION = YES;
				GCC_WARN_ABOUT_RETURN_TYPE = YES_ERROR;
				GCC_WARN_UNDECLARED_SELECTOR = YES;
				GCC_WARN_UNINITIALIZED_AUTOS = YES_AGGRESSIVE;
				GCC_WARN_UNUSED_FUNCTION = YES;
				GCC_WARN_UNUSED_VARIABLE = YES;
				IPHONEOS_DEPLOYMENT_TARGET = 14.3;
				MTL_ENABLE_DEBUG_INFO = NO;
				MTL_FAST_MATH = YES;
				SDKROOT = iphoneos;
				SWIFT_COMPILATION_MODE = wholemodule;
				SWIFT_OPTIMIZATION_LEVEL = "-O";
				VALIDATE_PRODUCT = YES;
			};
			name = Release;
		};
		84BB48CC25DC2D4000CC7F66 /* Debug */ = {
			isa = XCBuildConfiguration;
			baseConfigurationReference = AC3FEC65DF3628015A5334E7 /* Pods-Spotify.debug.xcconfig */;
			buildSettings = {
				ASSETCATALOG_COMPILER_APPICON_NAME = AppIcon;
				ASSETCATALOG_COMPILER_GLOBAL_ACCENT_COLOR_NAME = AccentColor;
				CLANG_WARN_QUOTED_INCLUDE_IN_FRAMEWORK_HEADER = YES;
				CODE_SIGN_STYLE = Automatic;
				INFOPLIST_FILE = Spotify/Info.plist;
				LD_RUNPATH_SEARCH_PATHS = (
					"$(inherited)",
					"@executable_path/Frameworks",
				);
				PRODUCT_BUNDLE_IDENTIFIER = fsa.Spotify;
				PRODUCT_NAME = "$(TARGET_NAME)";
				SWIFT_VERSION = 5.0;
				TARGETED_DEVICE_FAMILY = "1,2";
			};
			name = Debug;
		};
		84BB48CD25DC2D4000CC7F66 /* Release */ = {
			isa = XCBuildConfiguration;
			baseConfigurationReference = F4116543B5954C28828CBADD /* Pods-Spotify.release.xcconfig */;
			buildSettings = {
				ASSETCATALOG_COMPILER_APPICON_NAME = AppIcon;
				ASSETCATALOG_COMPILER_GLOBAL_ACCENT_COLOR_NAME = AccentColor;
				CLANG_WARN_QUOTED_INCLUDE_IN_FRAMEWORK_HEADER = YES;
				CODE_SIGN_STYLE = Automatic;
				INFOPLIST_FILE = Spotify/Info.plist;
				LD_RUNPATH_SEARCH_PATHS = (
					"$(inherited)",
					"@executable_path/Frameworks",
				);
				PRODUCT_BUNDLE_IDENTIFIER = fsa.Spotify;
				PRODUCT_NAME = "$(TARGET_NAME)";
				SWIFT_VERSION = 5.0;
				TARGETED_DEVICE_FAMILY = "1,2";
			};
			name = Release;
		};
		84BB48CF25DC2D4000CC7F66 /* Debug */ = {
			isa = XCBuildConfiguration;
			baseConfigurationReference = C77010A6247B7D25AF801DB5 /* Pods-SpotifyTests.debug.xcconfig */;
			buildSettings = {
				ALWAYS_EMBED_SWIFT_STANDARD_LIBRARIES = YES;
				BUNDLE_LOADER = "$(TEST_HOST)";
				CODE_SIGN_STYLE = Automatic;
				INFOPLIST_FILE = SpotifyTests/Info.plist;
				IPHONEOS_DEPLOYMENT_TARGET = 14.3;
				LD_RUNPATH_SEARCH_PATHS = (
					"$(inherited)",
					"@executable_path/Frameworks",
					"@loader_path/Frameworks",
				);
				PRODUCT_BUNDLE_IDENTIFIER = fsa.SpotifyTests;
				PRODUCT_NAME = "$(TARGET_NAME)";
				SWIFT_VERSION = 5.0;
				TARGETED_DEVICE_FAMILY = "1,2";
				TEST_HOST = "$(BUILT_PRODUCTS_DIR)/Spotify.app/Spotify";
			};
			name = Debug;
		};
		84BB48D025DC2D4000CC7F66 /* Release */ = {
			isa = XCBuildConfiguration;
			baseConfigurationReference = 7B9BDC09851F910C9D833EDB /* Pods-SpotifyTests.release.xcconfig */;
			buildSettings = {
				ALWAYS_EMBED_SWIFT_STANDARD_LIBRARIES = YES;
				BUNDLE_LOADER = "$(TEST_HOST)";
				CODE_SIGN_STYLE = Automatic;
				INFOPLIST_FILE = SpotifyTests/Info.plist;
				IPHONEOS_DEPLOYMENT_TARGET = 14.3;
				LD_RUNPATH_SEARCH_PATHS = (
					"$(inherited)",
					"@executable_path/Frameworks",
					"@loader_path/Frameworks",
				);
				PRODUCT_BUNDLE_IDENTIFIER = fsa.SpotifyTests;
				PRODUCT_NAME = "$(TARGET_NAME)";
				SWIFT_VERSION = 5.0;
				TARGETED_DEVICE_FAMILY = "1,2";
				TEST_HOST = "$(BUILT_PRODUCTS_DIR)/Spotify.app/Spotify";
			};
			name = Release;
		};
		84BB48D225DC2D4000CC7F66 /* Debug */ = {
			isa = XCBuildConfiguration;
			baseConfigurationReference = FB3368DFD16B0F951BAAC0B6 /* Pods-Spotify-SpotifyUITests.debug.xcconfig */;
			buildSettings = {
				ALWAYS_EMBED_SWIFT_STANDARD_LIBRARIES = YES;
				CODE_SIGN_STYLE = Automatic;
				INFOPLIST_FILE = SpotifyUITests/Info.plist;
				LD_RUNPATH_SEARCH_PATHS = (
					"$(inherited)",
					"@executable_path/Frameworks",
					"@loader_path/Frameworks",
				);
				PRODUCT_BUNDLE_IDENTIFIER = fsa.SpotifyUITests;
				PRODUCT_NAME = "$(TARGET_NAME)";
				SWIFT_VERSION = 5.0;
				TARGETED_DEVICE_FAMILY = "1,2";
				TEST_TARGET_NAME = Spotify;
			};
			name = Debug;
		};
		84BB48D325DC2D4000CC7F66 /* Release */ = {
			isa = XCBuildConfiguration;
			baseConfigurationReference = D308F5B095011F80219AB360 /* Pods-Spotify-SpotifyUITests.release.xcconfig */;
			buildSettings = {
				ALWAYS_EMBED_SWIFT_STANDARD_LIBRARIES = YES;
				CODE_SIGN_STYLE = Automatic;
				INFOPLIST_FILE = SpotifyUITests/Info.plist;
				LD_RUNPATH_SEARCH_PATHS = (
					"$(inherited)",
					"@executable_path/Frameworks",
					"@loader_path/Frameworks",
				);
				PRODUCT_BUNDLE_IDENTIFIER = fsa.SpotifyUITests;
				PRODUCT_NAME = "$(TARGET_NAME)";
				SWIFT_VERSION = 5.0;
				TARGETED_DEVICE_FAMILY = "1,2";
				TEST_TARGET_NAME = Spotify;
			};
			name = Release;
		};
/* End XCBuildConfiguration section */

/* Begin XCConfigurationList section */
		84BB489C25DC2D3D00CC7F66 /* Build configuration list for PBXProject "Spotify" */ = {
			isa = XCConfigurationList;
			buildConfigurations = (
				84BB48C925DC2D4000CC7F66 /* Debug */,
				84BB48CA25DC2D4000CC7F66 /* Release */,
			);
			defaultConfigurationIsVisible = 0;
			defaultConfigurationName = Release;
		};
		84BB48CB25DC2D4000CC7F66 /* Build configuration list for PBXNativeTarget "Spotify" */ = {
			isa = XCConfigurationList;
			buildConfigurations = (
				84BB48CC25DC2D4000CC7F66 /* Debug */,
				84BB48CD25DC2D4000CC7F66 /* Release */,
			);
			defaultConfigurationIsVisible = 0;
			defaultConfigurationName = Release;
		};
		84BB48CE25DC2D4000CC7F66 /* Build configuration list for PBXNativeTarget "SpotifyTests" */ = {
			isa = XCConfigurationList;
			buildConfigurations = (
				84BB48CF25DC2D4000CC7F66 /* Debug */,
				84BB48D025DC2D4000CC7F66 /* Release */,
			);
			defaultConfigurationIsVisible = 0;
			defaultConfigurationName = Release;
		};
		84BB48D125DC2D4000CC7F66 /* Build configuration list for PBXNativeTarget "SpotifyUITests" */ = {
			isa = XCConfigurationList;
			buildConfigurations = (
				84BB48D225DC2D4000CC7F66 /* Debug */,
				84BB48D325DC2D4000CC7F66 /* Release */,
			);
			defaultConfigurationIsVisible = 0;
			defaultConfigurationName = Release;
		};
/* End XCConfigurationList section */
	};
	rootObject = 84BB489925DC2D3D00CC7F66 /* Project object */;
}
